
Microsoft Visual Studio Solution File, Format Version 12.00
# Visual Studio Version 17
VisualStudioVersion = 17.14.36414.22 d17.14
MinimumVisualStudioVersion = 10.0.40219.1
Project("{8BC9CEB8-8B4A-11D0-8D11-00A0C91BC942}") = "Chap11_Stencil", "Chap11_Stencil.vcxproj", "{A7D07926-7A00-4C35-8C1E-CAAE816D8D13}"
EndProject
Global
	GlobalSection(SolutionConfigurationPlatforms) = preSolution
		Debug|x64 = Debug|x64
		Debug|x86 = Debug|x86
		Release|x64 = Release|x64
		Release|x86 = Release|x86
	EndGlobalSection
	GlobalSection(ProjectConfigurationPlatforms) = postSolution
		{A7D07926-7A00-4C35-8C1E-CAAE816D8D13}.Debug|x64.ActiveCfg = Debug|x64
		{A7D07926-7A00-4C35-8C1E-CAAE816D8D13}.Debug|x64.Build.0 = Debug|x64
		{A7D07926-7A00-4C35-8C1E-CAAE816D8D13}.Debug|x86.ActiveCfg = Debug|Win32
		{A7D07926-7A00-4C35-8C1E-CAAE816D8D13}.Debug|x86.Build.0 = Debug|Win32
		{A7D07926-7A00-4C35-8C1E-CAAE816D8D13}.Release|x64.ActiveCfg = Release|x64
		{A7D07926-7A00-4C35-8C1E-CAAE816D8D13}.Release|x64.Build.0 = Release|x64
		{A7D07926-7A00-4C35-8C1E-CAAE816D8D13}.Release|x86.ActiveCfg = Release|Win32
		{A7D07926-7A00-4C35-8C1E-CAAE816D8D13}.Release|x86.Build.0 = Release|Win32
	EndGlobalSection
	GlobalSection(SolutionProperties) = preSolution
		HideSolutionNode = FALSE
	EndGlobalSection
	GlobalSection(ExtensibilityGlobals) = postSolution
		SolutionGuid = {7BD88B21-4A88-4B8C-901B-612226C23283}
	EndGlobalSection
EndGlobal
