<Solution>
  <Configurations>
    <Platform Name="x64" />
    <Platform Name="x86" />
  </Configurations>
  <Project Path="../../Common/Common.vcxproj" Id="b5f12c4c-29b3-4725-a667-78116c24e139" />
  <Project Path="Chap13_1/Chap13_1.vcxproj" Id="70ebcbb5-27da-42b0-87e2-ce959dd6712c">
    <Build Solution="Debug|x64" Project="false" />
  </Project>
  <Project Path="Chap13_2/Chap13_2.vcxproj" Id="6dd12fe8-d565-431a-a08a-e47fe74239f1">
    <Build Solution="Debug|x64" Project="false" />
  </Project>
  <Project Path="Chap13_3/Chap13_3.vcxproj" Id="df4e9027-169e-4c10-9136-7a5637b33b6c">
    <Build Solution="Debug|x64" Project="false" />
  </Project>
  <Project Path="Chap13_4/Chap13_4.vcxproj" Id="fc6dc3e4-1cad-4bf2-ac54-50b52708103f">
    <Build Solution="Debug|x64" Project="false" />
  </Project>
  <Project Path="Chap13_5/Chap13_5.vcxproj" Id="32df987d-e81e-4901-b7f3-1f84b2556d70">
    <Build Solution="Debug|x64" Project="false" />
  </Project>
  <Project Path="Chap13_6/Chap13_6.vcxproj" Id="f84c51e0-8bfc-41db-ba29-bac988c999c7" />
</Solution>
